// !$*UTF8*$!
{
	archiveVersion = 1;
	classes = {
	};
	objectVersion = 50;
	objects = {

/* Begin PBXBuildFile section */
		73494FD8211B419900EB41C4 /* ListDataModel.swift in Sources */ = {isa = PBXBuildFile; fileRef = 73494FD7211B419900EB41C4 /* ListDataModel.swift */; };
		BB23308D211D4FF2003D01B2 /* SystemConfiguration.framework in Frameworks */ = {isa = PBXBuildFile; fileRef = BB23308C211D4FF2003D01B2 /* SystemConfiguration.framework */; };
		BB8227F8211C50B400D5B2C0 /* NetworkKit.h in Headers */ = {isa = PBXBuildFile; fileRef = BB8227F6211C50B400D5B2C0 /* NetworkKit.h */; settings = {ATTRIBUTES = (Public, ); }; };
		BB82282E211C50D900D5B2C0 /* NetworkStatus.swift in Sources */ = {isa = PBXBuildFile; fileRef = BB82280E211C50D900D5B2C0 /* NetworkStatus.swift */; };
		BB82282F211C50D900D5B2C0 /* NetworkResult.swift in Sources */ = {isa = PBXBuildFile; fileRef = BB82281C211C50D900D5B2C0 /* NetworkResult.swift */; };
		BB822830211C50D900D5B2C0 /* NetworkDelegate+URLSessionDataDelegate.swift in Sources */ = {isa = PBXBuildFile; fileRef = BB82281E211C50D900D5B2C0 /* NetworkDelegate+URLSessionDataDelegate.swift */; };
		BB822831211C50D900D5B2C0 /* NetworkDelegate+URLSessionDelegate.swift in Sources */ = {isa = PBXBuildFile; fileRef = BB82281F211C50D900D5B2C0 /* NetworkDelegate+URLSessionDelegate.swift */; };
		BB822832211C50D900D5B2C0 /* NetworkDelegate+URLSessionDownloadDelegate.swift in Sources */ = {isa = PBXBuildFile; fileRef = BB822820211C50D900D5B2C0 /* NetworkDelegate+URLSessionDownloadDelegate.swift */; };
		BB822833211C50D900D5B2C0 /* NetworkDelegate+URLSessionStreamDelegate.swift in Sources */ = {isa = PBXBuildFile; fileRef = BB822821211C50D900D5B2C0 /* NetworkDelegate+URLSessionStreamDelegate.swift */; };
		BB822834211C50D900D5B2C0 /* NetworkDelegate+URLSessionTaskDelegate.swift in Sources */ = {isa = PBXBuildFile; fileRef = BB822822211C50D900D5B2C0 /* NetworkDelegate+URLSessionTaskDelegate.swift */; };
		BB822835211C50D900D5B2C0 /* NetworkDelegate.swift in Sources */ = {isa = PBXBuildFile; fileRef = BB822823211C50D900D5B2C0 /* NetworkDelegate.swift */; };
		BB822836211C50D900D5B2C0 /* Network+DataTask.swift in Sources */ = {isa = PBXBuildFile; fileRef = BB822825211C50D900D5B2C0 /* Network+DataTask.swift */; };
		BB822837211C50D900D5B2C0 /* Network+DownloadTask.swift in Sources */ = {isa = PBXBuildFile; fileRef = BB822826211C50D900D5B2C0 /* Network+DownloadTask.swift */; };
		BB822838211C50D900D5B2C0 /* Network+Task.swift in Sources */ = {isa = PBXBuildFile; fileRef = BB822827211C50D900D5B2C0 /* Network+Task.swift */; };
		BB822839211C50D900D5B2C0 /* Network+UploadTask.swift in Sources */ = {isa = PBXBuildFile; fileRef = BB822828211C50D900D5B2C0 /* Network+UploadTask.swift */; };
		BB82283A211C50D900D5B2C0 /* Network.swift in Sources */ = {isa = PBXBuildFile; fileRef = BB822829211C50D900D5B2C0 /* Network.swift */; };
		BB82283B211C50D900D5B2C0 /* Reachability.swift in Sources */ = {isa = PBXBuildFile; fileRef = BB82282B211C50D900D5B2C0 /* Reachability.swift */; };
		BB82283C211C50D900D5B2C0 /* NetworkRequest.swift in Sources */ = {isa = PBXBuildFile; fileRef = BB82282D211C50D900D5B2C0 /* NetworkRequest.swift */; };
		BB82283D211C515400D5B2C0 /* NetworkKit.framework in Frameworks */ = {isa = PBXBuildFile; fileRef = BB8227F4211C50B400D5B2C0 /* NetworkKit.framework */; };
		BB82283E211C527F00D5B2C0 /* JSONKit.framework in Frameworks */ = {isa = PBXBuildFile; fileRef = BBF1F016211BD2F600424FEA /* JSONKit.framework */; };
		BB82283F211C527F00D5B2C0 /* LayoutKit.framework in Frameworks */ = {isa = PBXBuildFile; fileRef = BBF1F034211BD3AA00424FEA /* LayoutKit.framework */; };
		BBA7168720F35B5D000BB9C4 /* ComponentKit.framework in Frameworks */ = {isa = PBXBuildFile; fileRef = BBC6DD0F20F35AB800CF885F /* ComponentKit.framework */; };
		BBA7168820F35B5D000BB9C4 /* Kingfisher.framework in Frameworks */ = {isa = PBXBuildFile; fileRef = BBC6DD3C20F35AD600CF885F /* Kingfisher.framework */; };
		BBA7168B20F35B5D000BB9C4 /* WMNetImageKit.framework in Frameworks */ = {isa = PBXBuildFile; fileRef = BBC6DD1B20F35AC300CF885F /* WMNetImageKit.framework */; };
		BBC73ADD20A56DE400781F00 /* ApplicationKit.h in Headers */ = {isa = PBXBuildFile; fileRef = BBC73ADB20A56DE400781F00 /* ApplicationKit.h */; settings = {ATTRIBUTES = (Public, ); }; };
		BBC73AE920A5B08900781F00 /* Listable.swift in Sources */ = {isa = PBXBuildFile; fileRef = BBC73AE820A5B08900781F00 /* Listable.swift */; };
		BBC73BF220A5BC3000781F00 /* API.swift in Sources */ = {isa = PBXBuildFile; fileRef = BBC73BF120A5BC3000781F00 /* API.swift */; };
		BBD0B26820AC3550007FB9BA /* Debug.swift in Sources */ = {isa = PBXBuildFile; fileRef = BBD0B26720AC3550007FB9BA /* Debug.swift */; };
		BBF1F01A211BD2F600424FEA /* JSONKit.h in Headers */ = {isa = PBXBuildFile; fileRef = BBF1F018211BD2F600424FEA /* JSONKit.h */; settings = {ATTRIBUTES = (Public, ); }; };
		BBF1F02E211BD30200424FEA /* JSON.swift in Sources */ = {isa = PBXBuildFile; fileRef = BBF1F02D211BD30200424FEA /* JSON.swift */; };
		BBF1F038211BD3AA00424FEA /* LayoutKit.h in Headers */ = {isa = PBXBuildFile; fileRef = BBF1F036211BD3AA00424FEA /* LayoutKit.h */; settings = {ATTRIBUTES = (Public, ); }; };
		BBF1F03D211BD42900424FEA /* ConstraintItem.swift in Sources */ = {isa = PBXBuildFile; fileRef = BBF1F03C211BD42900424FEA /* ConstraintItem.swift */; };
		BBF1F041211BD4D200424FEA /* ConstraintMaker.swift in Sources */ = {isa = PBXBuildFile; fileRef = BBF1F040211BD4D200424FEA /* ConstraintMaker.swift */; };
		BBF1F045211BD55F00424FEA /* Layout.swift in Sources */ = {isa = PBXBuildFile; fileRef = BBF1F044211BD55F00424FEA /* Layout.swift */; };
		BBF1F047211BD9B700424FEA /* ConstraintLeftCollector.swift in Sources */ = {isa = PBXBuildFile; fileRef = BBF1F046211BD9B700424FEA /* ConstraintLeftCollector.swift */; };
		BBF1F049211BDA4600424FEA /* ConstraintRightCollector.swift in Sources */ = {isa = PBXBuildFile; fileRef = BBF1F048211BDA4600424FEA /* ConstraintRightCollector.swift */; };
		BBF1F053211BF23300424FEA /* AttributeItem.swift in Sources */ = {isa = PBXBuildFile; fileRef = BBF1F052211BF23300424FEA /* AttributeItem.swift */; };
		BBF1F066211C076E00424FEA /* JSONIterator.swift in Sources */ = {isa = PBXBuildFile; fileRef = BBF1F065211C076E00424FEA /* JSONIterator.swift */; };
		BBF221D620E4B218007A5FA2 /* App.swift in Sources */ = {isa = PBXBuildFile; fileRef = BBF221D520E4B218007A5FA2 /* App.swift */; };
/* End PBXBuildFile section */

/* Begin PBXContainerItemProxy section */
		BBAB8A732100D56600B89C44 /* PBXContainerItemProxy */ = {
			isa = PBXContainerItemProxy;
			containerPortal = BBAB8A652100D56600B89C44 /* TecentCloud.xcodeproj */;
			proxyType = 2;
			remoteGlobalIDString = BB87EB6520F784A700E0C966;
			remoteInfo = TecentCloud;
		};
		BBC6DD0E20F35AB800CF885F /* PBXContainerItemProxy */ = {
			isa = PBXContainerItemProxy;
			containerPortal = BBC6DD0A20F35AB800CF885F /* ComponentKit.xcodeproj */;
			proxyType = 2;
			remoteGlobalIDString = 73B74CF11FE3AD2800BAE93A;
			remoteInfo = ComponentKit;
		};
		BBC6DD1A20F35AC300CF885F /* PBXContainerItemProxy */ = {
			isa = PBXContainerItemProxy;
			containerPortal = BBC6DD1620F35AC300CF885F /* WMNetImageKit.xcodeproj */;
			proxyType = 2;
			remoteGlobalIDString = 73F2E9A01F09394800A5CC62;
			remoteInfo = WMNetImageKit;
		};
		BBC6DD2D20F35AD000CF885F /* PBXContainerItemProxy */ = {
			isa = PBXContainerItemProxy;
			containerPortal = BBC6DD2820F35AD000CF885F /* OpenKit.xcodeproj */;
			proxyType = 2;
			remoteGlobalIDString = BB662ED620EF905500D91B61;
			remoteInfo = OpenWithPayKit;
		};
		BBC6DD2F20F35AD000CF885F /* PBXContainerItemProxy */ = {
			isa = PBXContainerItemProxy;
			containerPortal = BBC6DD2820F35AD000CF885F /* OpenKit.xcodeproj */;
			proxyType = 2;
			remoteGlobalIDString = BB662EE320EF906E00D91B61;
			remoteInfo = OpenWithoutPayKit;
		};
		BBC6DD3B20F35AD600CF885F /* PBXContainerItemProxy */ = {
			isa = PBXContainerItemProxy;
			containerPortal = BBC6DD3120F35AD600CF885F /* Kingfisher.xcodeproj */;
			proxyType = 2;
			remoteGlobalIDString = D1ED2D351AD2D09F00CFC3EB;
			remoteInfo = "Kingfisher-iOS";
		};
		BBC6DD3D20F35AD600CF885F /* PBXContainerItemProxy */ = {
			isa = PBXContainerItemProxy;
			containerPortal = BBC6DD3120F35AD600CF885F /* Kingfisher.xcodeproj */;
			proxyType = 2;
			remoteGlobalIDString = D13F49D61BEDA67C00CE335D;
			remoteInfo = "Kingfisher-tvOS";
		};
		BBC6DD3F20F35AD600CF885F /* PBXContainerItemProxy */ = {
			isa = PBXContainerItemProxy;
			containerPortal = BBC6DD3120F35AD600CF885F /* Kingfisher.xcodeproj */;
			proxyType = 2;
			remoteGlobalIDString = 4B2944481C3D01B20088C3E7;
			remoteInfo = "Kingfisher-macOS";
		};
		BBC6DD4120F35AD600CF885F /* PBXContainerItemProxy */ = {
			isa = PBXContainerItemProxy;
			containerPortal = BBC6DD3120F35AD600CF885F /* Kingfisher.xcodeproj */;
			proxyType = 2;
			remoteGlobalIDString = D16799EB1C4E74460020FD12;
			remoteInfo = "Kingfisher-watchOS";
		};
		BBC6DD4320F35AD600CF885F /* PBXContainerItemProxy */ = {
			isa = PBXContainerItemProxy;
			containerPortal = BBC6DD3120F35AD600CF885F /* Kingfisher.xcodeproj */;
			proxyType = 2;
			remoteGlobalIDString = D1ED2D3F1AD2D09F00CFC3EB;
			remoteInfo = KingfisherTests;
		};
		BBC6DD4520F35AD600CF885F /* PBXContainerItemProxy */ = {
			isa = PBXContainerItemProxy;
			containerPortal = BBC6DD3120F35AD600CF885F /* Kingfisher.xcodeproj */;
			proxyType = 2;
			remoteGlobalIDString = 4B37667F1C478F940001443F;
			remoteInfo = "KingfisherTests-tvOS";
		};
		BBC6DD4720F35AD600CF885F /* PBXContainerItemProxy */ = {
			isa = PBXContainerItemProxy;
			containerPortal = BBC6DD3120F35AD600CF885F /* Kingfisher.xcodeproj */;
			proxyType = 2;
			remoteGlobalIDString = D10EC2311C3D632300A4211C;
			remoteInfo = "KingfisherTests-macOS";
		};
/* End PBXContainerItemProxy section */

/* Begin PBXFileReference section */
		73494FD7211B419900EB41C4 /* ListDataModel.swift */ = {isa = PBXFileReference; lastKnownFileType = sourcecode.swift; path = ListDataModel.swift; sourceTree = "<group>"; };
		BB23308C211D4FF2003D01B2 /* SystemConfiguration.framework */ = {isa = PBXFileReference; lastKnownFileType = wrapper.framework; name = SystemConfiguration.framework; path = System/Library/Frameworks/SystemConfiguration.framework; sourceTree = SDKROOT; };
		BB8227F4211C50B400D5B2C0 /* NetworkKit.framework */ = {isa = PBXFileReference; explicitFileType = wrapper.framework; includeInIndex = 0; path = NetworkKit.framework; sourceTree = BUILT_PRODUCTS_DIR; };
		BB8227F6211C50B400D5B2C0 /* NetworkKit.h */ = {isa = PBXFileReference; lastKnownFileType = sourcecode.c.h; path = NetworkKit.h; sourceTree = "<group>"; };
		BB8227F7211C50B400D5B2C0 /* Info.plist */ = {isa = PBXFileReference; lastKnownFileType = text.plist.xml; path = Info.plist; sourceTree = "<group>"; };
		BB82280E211C50D900D5B2C0 /* NetworkStatus.swift */ = {isa = PBXFileReference; fileEncoding = 4; lastKnownFileType = sourcecode.swift; path = NetworkStatus.swift; sourceTree = "<group>"; };
		BB82281C211C50D900D5B2C0 /* NetworkResult.swift */ = {isa = PBXFileReference; fileEncoding = 4; lastKnownFileType = sourcecode.swift; path = NetworkResult.swift; sourceTree = "<group>"; };
		BB82281E211C50D900D5B2C0 /* NetworkDelegate+URLSessionDataDelegate.swift */ = {isa = PBXFileReference; fileEncoding = 4; lastKnownFileType = sourcecode.swift; path = "NetworkDelegate+URLSessionDataDelegate.swift"; sourceTree = "<group>"; };
		BB82281F211C50D900D5B2C0 /* NetworkDelegate+URLSessionDelegate.swift */ = {isa = PBXFileReference; fileEncoding = 4; lastKnownFileType = sourcecode.swift; path = "NetworkDelegate+URLSessionDelegate.swift"; sourceTree = "<group>"; };
		BB822820211C50D900D5B2C0 /* NetworkDelegate+URLSessionDownloadDelegate.swift */ = {isa = PBXFileReference; fileEncoding = 4; lastKnownFileType = sourcecode.swift; path = "NetworkDelegate+URLSessionDownloadDelegate.swift"; sourceTree = "<group>"; };
		BB822821211C50D900D5B2C0 /* NetworkDelegate+URLSessionStreamDelegate.swift */ = {isa = PBXFileReference; fileEncoding = 4; lastKnownFileType = sourcecode.swift; path = "NetworkDelegate+URLSessionStreamDelegate.swift"; sourceTree = "<group>"; };
		BB822822211C50D900D5B2C0 /* NetworkDelegate+URLSessionTaskDelegate.swift */ = {isa = PBXFileReference; fileEncoding = 4; lastKnownFileType = sourcecode.swift; path = "NetworkDelegate+URLSessionTaskDelegate.swift"; sourceTree = "<group>"; };
		BB822823211C50D900D5B2C0 /* NetworkDelegate.swift */ = {isa = PBXFileReference; fileEncoding = 4; lastKnownFileType = sourcecode.swift; path = NetworkDelegate.swift; sourceTree = "<group>"; };
		BB822825211C50D900D5B2C0 /* Network+DataTask.swift */ = {isa = PBXFileReference; fileEncoding = 4; lastKnownFileType = sourcecode.swift; path = "Network+DataTask.swift"; sourceTree = "<group>"; };
		BB822826211C50D900D5B2C0 /* Network+DownloadTask.swift */ = {isa = PBXFileReference; fileEncoding = 4; lastKnownFileType = sourcecode.swift; path = "Network+DownloadTask.swift"; sourceTree = "<group>"; };
		BB822827211C50D900D5B2C0 /* Network+Task.swift */ = {isa = PBXFileReference; fileEncoding = 4; lastKnownFileType = sourcecode.swift; path = "Network+Task.swift"; sourceTree = "<group>"; };
		BB822828211C50D900D5B2C0 /* Network+UploadTask.swift */ = {isa = PBXFileReference; fileEncoding = 4; lastKnownFileType = sourcecode.swift; path = "Network+UploadTask.swift"; sourceTree = "<group>"; };
		BB822829211C50D900D5B2C0 /* Network.swift */ = {isa = PBXFileReference; fileEncoding = 4; lastKnownFileType = sourcecode.swift; path = Network.swift; sourceTree = "<group>"; };
		BB82282B211C50D900D5B2C0 /* Reachability.swift */ = {isa = PBXFileReference; fileEncoding = 4; lastKnownFileType = sourcecode.swift; path = Reachability.swift; sourceTree = "<group>"; };
		BB82282D211C50D900D5B2C0 /* NetworkRequest.swift */ = {isa = PBXFileReference; fileEncoding = 4; lastKnownFileType = sourcecode.swift; path = NetworkRequest.swift; sourceTree = "<group>"; };
		BBAB8A652100D56600B89C44 /* TecentCloud.xcodeproj */ = {isa = PBXFileReference; lastKnownFileType = "wrapper.pb-project"; name = TecentCloud.xcodeproj; path = ../TecentCloud/TecentCloud.xcodeproj; sourceTree = "<group>"; };
		BBC6DD0A20F35AB800CF885F /* ComponentKit.xcodeproj */ = {isa = PBXFileReference; lastKnownFileType = "wrapper.pb-project"; name = ComponentKit.xcodeproj; path = ../ComponentKit/ComponentKit.xcodeproj; sourceTree = "<group>"; };
		BBC6DD1620F35AC300CF885F /* WMNetImageKit.xcodeproj */ = {isa = PBXFileReference; lastKnownFileType = "wrapper.pb-project"; name = WMNetImageKit.xcodeproj; path = ../WMNetImageKit/WMNetImageKit.xcodeproj; sourceTree = "<group>"; };
		BBC6DD2820F35AD000CF885F /* OpenKit.xcodeproj */ = {isa = PBXFileReference; lastKnownFileType = "wrapper.pb-project"; name = OpenKit.xcodeproj; path = ../OpenKit/OpenKit.xcodeproj; sourceTree = "<group>"; };
		BBC6DD3120F35AD600CF885F /* Kingfisher.xcodeproj */ = {isa = PBXFileReference; lastKnownFileType = "wrapper.pb-project"; name = Kingfisher.xcodeproj; path = ../Kingfisher/Kingfisher.xcodeproj; sourceTree = "<group>"; };
		BBC73AD820A56DE400781F00 /* ApplicationKit.framework */ = {isa = PBXFileReference; explicitFileType = wrapper.framework; includeInIndex = 0; path = ApplicationKit.framework; sourceTree = BUILT_PRODUCTS_DIR; };
		BBC73ADB20A56DE400781F00 /* ApplicationKit.h */ = {isa = PBXFileReference; lastKnownFileType = sourcecode.c.h; path = ApplicationKit.h; sourceTree = "<group>"; };
		BBC73ADC20A56DE400781F00 /* Info.plist */ = {isa = PBXFileReference; lastKnownFileType = text.plist.xml; path = Info.plist; sourceTree = "<group>"; };
		BBC73AE820A5B08900781F00 /* Listable.swift */ = {isa = PBXFileReference; lastKnownFileType = sourcecode.swift; path = Listable.swift; sourceTree = "<group>"; };
		BBC73BF120A5BC3000781F00 /* API.swift */ = {isa = PBXFileReference; lastKnownFileType = sourcecode.swift; path = API.swift; sourceTree = "<group>"; };
		BBD0B26720AC3550007FB9BA /* Debug.swift */ = {isa = PBXFileReference; lastKnownFileType = sourcecode.swift; path = Debug.swift; sourceTree = "<group>"; };
		BBF1F016211BD2F600424FEA /* JSONKit.framework */ = {isa = PBXFileReference; explicitFileType = wrapper.framework; includeInIndex = 0; path = JSONKit.framework; sourceTree = BUILT_PRODUCTS_DIR; };
		BBF1F018211BD2F600424FEA /* JSONKit.h */ = {isa = PBXFileReference; lastKnownFileType = sourcecode.c.h; path = JSONKit.h; sourceTree = "<group>"; };
		BBF1F019211BD2F600424FEA /* Info.plist */ = {isa = PBXFileReference; lastKnownFileType = text.plist.xml; path = Info.plist; sourceTree = "<group>"; };
		BBF1F02D211BD30200424FEA /* JSON.swift */ = {isa = PBXFileReference; lastKnownFileType = sourcecode.swift; path = JSON.swift; sourceTree = "<group>"; };
		BBF1F034211BD3AA00424FEA /* LayoutKit.framework */ = {isa = PBXFileReference; explicitFileType = wrapper.framework; includeInIndex = 0; path = LayoutKit.framework; sourceTree = BUILT_PRODUCTS_DIR; };
		BBF1F036211BD3AA00424FEA /* LayoutKit.h */ = {isa = PBXFileReference; lastKnownFileType = sourcecode.c.h; path = LayoutKit.h; sourceTree = "<group>"; };
		BBF1F037211BD3AA00424FEA /* Info.plist */ = {isa = PBXFileReference; lastKnownFileType = text.plist.xml; path = Info.plist; sourceTree = "<group>"; };
		BBF1F03C211BD42900424FEA /* ConstraintItem.swift */ = {isa = PBXFileReference; lastKnownFileType = sourcecode.swift; path = ConstraintItem.swift; sourceTree = "<group>"; };
		BBF1F040211BD4D200424FEA /* ConstraintMaker.swift */ = {isa = PBXFileReference; lastKnownFileType = sourcecode.swift; path = ConstraintMaker.swift; sourceTree = "<group>"; };
		BBF1F044211BD55F00424FEA /* Layout.swift */ = {isa = PBXFileReference; lastKnownFileType = sourcecode.swift; path = Layout.swift; sourceTree = "<group>"; };
		BBF1F046211BD9B700424FEA /* ConstraintLeftCollector.swift */ = {isa = PBXFileReference; lastKnownFileType = sourcecode.swift; path = ConstraintLeftCollector.swift; sourceTree = "<group>"; };
		BBF1F048211BDA4600424FEA /* ConstraintRightCollector.swift */ = {isa = PBXFileReference; lastKnownFileType = sourcecode.swift; path = ConstraintRightCollector.swift; sourceTree = "<group>"; };
		BBF1F052211BF23300424FEA /* AttributeItem.swift */ = {isa = PBXFileReference; lastKnownFileType = sourcecode.swift; path = AttributeItem.swift; sourceTree = "<group>"; };
		BBF1F065211C076E00424FEA /* JSONIterator.swift */ = {isa = PBXFileReference; lastKnownFileType = sourcecode.swift; path = JSONIterator.swift; sourceTree = "<group>"; };
		BBF221D520E4B218007A5FA2 /* App.swift */ = {isa = PBXFileReference; lastKnownFileType = sourcecode.swift; path = App.swift; sourceTree = "<group>"; };
/* End PBXFileReference section */

/* Begin PBXFrameworksBuildPhase section */
		BB8227F0211C50B400D5B2C0 /* Frameworks */ = {
			isa = PBXFrameworksBuildPhase;
			buildActionMask = 2147483647;
			files = (
				BB23308D211D4FF2003D01B2 /* SystemConfiguration.framework in Frameworks */,
			);
			runOnlyForDeploymentPostprocessing = 0;
		};
		BBC73AD420A56DE400781F00 /* Frameworks */ = {
			isa = PBXFrameworksBuildPhase;
			buildActionMask = 2147483647;
			files = (
				BB82283E211C527F00D5B2C0 /* JSONKit.framework in Frameworks */,
				BB82283F211C527F00D5B2C0 /* LayoutKit.framework in Frameworks */,
				BB82283D211C515400D5B2C0 /* NetworkKit.framework in Frameworks */,
				BBA7168720F35B5D000BB9C4 /* ComponentKit.framework in Frameworks */,
				BBA7168820F35B5D000BB9C4 /* Kingfisher.framework in Frameworks */,
				BBA7168B20F35B5D000BB9C4 /* WMNetImageKit.framework in Frameworks */,
			);
			runOnlyForDeploymentPostprocessing = 0;
		};
		BBF1F012211BD2F600424FEA /* Frameworks */ = {
			isa = PBXFrameworksBuildPhase;
			buildActionMask = 2147483647;
			files = (
			);
			runOnlyForDeploymentPostprocessing = 0;
		};
		BBF1F030211BD3AA00424FEA /* Frameworks */ = {
			isa = PBXFrameworksBuildPhase;
			buildActionMask = 2147483647;
			files = (
			);
			runOnlyForDeploymentPostprocessing = 0;
		};
/* End PBXFrameworksBuildPhase section */

/* Begin PBXGroup section */
		BB8227F5211C50B400D5B2C0 /* NetworkKit */ = {
			isa = PBXGroup;
			children = (
				BB8227F6211C50B400D5B2C0 /* NetworkKit.h */,
				BB82282A211C50D900D5B2C0 /* Reachability */,
				BB822824211C50D900D5B2C0 /* Network */,
				BB82280D211C50D900D5B2C0 /* Status */,
				BB82282C211C50D900D5B2C0 /* Request */,
				BB82281D211C50D900D5B2C0 /* Delegate */,
				BB82281B211C50D900D5B2C0 /* Result */,
				BB8227F7211C50B400D5B2C0 /* Info.plist */,
			);
			path = NetworkKit;
			sourceTree = "<group>";
		};
		BB82280D211C50D900D5B2C0 /* Status */ = {
			isa = PBXGroup;
			children = (
				BB82280E211C50D900D5B2C0 /* NetworkStatus.swift */,
			);
			path = Status;
			sourceTree = "<group>";
		};
		BB82281B211C50D900D5B2C0 /* Result */ = {
			isa = PBXGroup;
			children = (
				BB82281C211C50D900D5B2C0 /* NetworkResult.swift */,
			);
			path = Result;
			sourceTree = "<group>";
		};
		BB82281D211C50D900D5B2C0 /* Delegate */ = {
			isa = PBXGroup;
			children = (
				BB822823211C50D900D5B2C0 /* NetworkDelegate.swift */,
				BB82281F211C50D900D5B2C0 /* NetworkDelegate+URLSessionDelegate.swift */,
				BB822822211C50D900D5B2C0 /* NetworkDelegate+URLSessionTaskDelegate.swift */,
				BB82281E211C50D900D5B2C0 /* NetworkDelegate+URLSessionDataDelegate.swift */,
				BB822820211C50D900D5B2C0 /* NetworkDelegate+URLSessionDownloadDelegate.swift */,
				BB822821211C50D900D5B2C0 /* NetworkDelegate+URLSessionStreamDelegate.swift */,
			);
			path = Delegate;
			sourceTree = "<group>";
		};
		BB822824211C50D900D5B2C0 /* Network */ = {
			isa = PBXGroup;
			children = (
				BB822829211C50D900D5B2C0 /* Network.swift */,
				BB822827211C50D900D5B2C0 /* Network+Task.swift */,
				BB822825211C50D900D5B2C0 /* Network+DataTask.swift */,
				BB822826211C50D900D5B2C0 /* Network+DownloadTask.swift */,
				BB822828211C50D900D5B2C0 /* Network+UploadTask.swift */,
			);
			path = Network;
			sourceTree = "<group>";
		};
		BB82282A211C50D900D5B2C0 /* Reachability */ = {
			isa = PBXGroup;
			children = (
				BB82282B211C50D900D5B2C0 /* Reachability.swift */,
			);
			path = Reachability;
			sourceTree = "<group>";
		};
		BB82282C211C50D900D5B2C0 /* Request */ = {
			isa = PBXGroup;
			children = (
				BB82282D211C50D900D5B2C0 /* NetworkRequest.swift */,
			);
			path = Request;
			sourceTree = "<group>";
		};
		BBAB8A662100D56600B89C44 /* Products */ = {
			isa = PBXGroup;
			children = (
				BBAB8A742100D56600B89C44 /* TecentCloud.framework */,
			);
			name = Products;
			sourceTree = "<group>";
		};
		BBC6DD0B20F35AB800CF885F /* Products */ = {
			isa = PBXGroup;
			children = (
				BBC6DD0F20F35AB800CF885F /* ComponentKit.framework */,
			);
			name = Products;
			sourceTree = "<group>";
		};
		BBC6DD1720F35AC300CF885F /* Products */ = {
			isa = PBXGroup;
			children = (
				BBC6DD1B20F35AC300CF885F /* WMNetImageKit.framework */,
			);
			name = Products;
			sourceTree = "<group>";
		};
		BBC6DD2920F35AD000CF885F /* Products */ = {
			isa = PBXGroup;
			children = (
				BBC6DD2E20F35AD000CF885F /* OpenWithPayKit.framework */,
				BBC6DD3020F35AD000CF885F /* OpenWithoutPayKit.framework */,
			);
			name = Products;
			sourceTree = "<group>";
		};
		BBC6DD3220F35AD600CF885F /* Products */ = {
			isa = PBXGroup;
			children = (
				BBC6DD3C20F35AD600CF885F /* Kingfisher.framework */,
				BBC6DD3E20F35AD600CF885F /* Kingfisher.framework */,
				BBC6DD4020F35AD600CF885F /* Kingfisher.framework */,
				BBC6DD4220F35AD600CF885F /* Kingfisher.framework */,
				BBC6DD4420F35AD600CF885F /* KingfisherTests.xctest */,
				BBC6DD4620F35AD600CF885F /* KingfisherTests-tvOS.xctest */,
				BBC6DD4820F35AD600CF885F /* KingfisherTests-macOS.xctest */,
			);
			name = Products;
			sourceTree = "<group>";
		};
		BBC73ACE20A56DE400781F00 = {
			isa = PBXGroup;
			children = (
				BBAB8A652100D56600B89C44 /* TecentCloud.xcodeproj */,
				BBC6DD3120F35AD600CF885F /* Kingfisher.xcodeproj */,
				BBC6DD2820F35AD000CF885F /* OpenKit.xcodeproj */,
				BBC6DD1620F35AC300CF885F /* WMNetImageKit.xcodeproj */,
				BBC6DD0A20F35AB800CF885F /* ComponentKit.xcodeproj */,
				BBC73ADA20A56DE400781F00 /* ApplicationKit */,
				BBF1F017211BD2F600424FEA /* JSONKit */,
				BBF1F035211BD3AA00424FEA /* LayoutKit */,
				BB8227F5211C50B400D5B2C0 /* NetworkKit */,
				BBC73AD920A56DE400781F00 /* Products */,
				BBC73B9820A5B71B00781F00 /* Frameworks */,
			);
			sourceTree = "<group>";
		};
		BBC73AD920A56DE400781F00 /* Products */ = {
			isa = PBXGroup;
			children = (
				BBC73AD820A56DE400781F00 /* ApplicationKit.framework */,
				BBF1F016211BD2F600424FEA /* JSONKit.framework */,
				BBF1F034211BD3AA00424FEA /* LayoutKit.framework */,
				BB8227F4211C50B400D5B2C0 /* NetworkKit.framework */,
			);
			name = Products;
			sourceTree = "<group>";
		};
		BBC73ADA20A56DE400781F00 /* ApplicationKit */ = {
			isa = PBXGroup;
			children = (
				BBC73ADB20A56DE400781F00 /* ApplicationKit.h */,
				BBC73BF120A5BC3000781F00 /* API.swift */,
				BBD26ABD20B7B0CF00BB0657 /* List */,
				BBF221C720E4B1ED007A5FA2 /* Information */,
				BBD26ABC20B7B0C200BB0657 /* Debug */,
				BBC73ADC20A56DE400781F00 /* Info.plist */,
			);
			path = ApplicationKit;
			sourceTree = "<group>";
		};
		BBC73B9820A5B71B00781F00 /* Frameworks */ = {
			isa = PBXGroup;
			children = (
				BB23308C211D4FF2003D01B2 /* SystemConfiguration.framework */,
			);
			name = Frameworks;
			sourceTree = "<group>";
		};
		BBD26ABC20B7B0C200BB0657 /* Debug */ = {
			isa = PBXGroup;
			children = (
				BBD0B26720AC3550007FB9BA /* Debug.swift */,
			);
			path = Debug;
			sourceTree = "<group>";
		};
		BBD26ABD20B7B0CF00BB0657 /* List */ = {
			isa = PBXGroup;
			children = (
				BBC73AE820A5B08900781F00 /* Listable.swift */,
				73494FD7211B419900EB41C4 /* ListDataModel.swift */,
			);
			path = List;
			sourceTree = "<group>";
		};
		BBF1F017211BD2F600424FEA /* JSONKit */ = {
			isa = PBXGroup;
			children = (
				BBF1F018211BD2F600424FEA /* JSONKit.h */,
				BBF1F02D211BD30200424FEA /* JSON.swift */,
				BBF1F065211C076E00424FEA /* JSONIterator.swift */,
				BBF1F019211BD2F600424FEA /* Info.plist */,
			);
			path = JSONKit;
			sourceTree = "<group>";
		};
		BBF1F035211BD3AA00424FEA /* LayoutKit */ = {
			isa = PBXGroup;
			children = (
				BBF1F036211BD3AA00424FEA /* LayoutKit.h */,
				BBF1F042211BD50300424FEA /* AutoLayout */,
				BBF1F037211BD3AA00424FEA /* Info.plist */,
			);
			path = LayoutKit;
			sourceTree = "<group>";
		};
		BBF1F042211BD50300424FEA /* AutoLayout */ = {
			isa = PBXGroup;
			children = (
				BBF1F044211BD55F00424FEA /* Layout.swift */,
				BBF1F040211BD4D200424FEA /* ConstraintMaker.swift */,
				BBF1F046211BD9B700424FEA /* ConstraintLeftCollector.swift */,
				BBF1F048211BDA4600424FEA /* ConstraintRightCollector.swift */,
				BBF1F052211BF23300424FEA /* AttributeItem.swift */,
				BBF1F03C211BD42900424FEA /* ConstraintItem.swift */,
			);
			path = AutoLayout;
			sourceTree = "<group>";
		};
		BBF221C720E4B1ED007A5FA2 /* Information */ = {
			isa = PBXGroup;
			children = (
				BBF221D520E4B218007A5FA2 /* App.swift */,
			);
			path = Information;
			sourceTree = "<group>";
		};
/* End PBXGroup section */

/* Begin PBXHeadersBuildPhase section */
		BB8227F1211C50B400D5B2C0 /* Headers */ = {
			isa = PBXHeadersBuildPhase;
			buildActionMask = 2147483647;
			files = (
				BB8227F8211C50B400D5B2C0 /* NetworkKit.h in Headers */,
			);
			runOnlyForDeploymentPostprocessing = 0;
		};
		BBC73AD520A56DE400781F00 /* Headers */ = {
			isa = PBXHeadersBuildPhase;
			buildActionMask = 2147483647;
			files = (
				BBC73ADD20A56DE400781F00 /* ApplicationKit.h in Headers */,
			);
			runOnlyForDeploymentPostprocessing = 0;
		};
		BBF1F013211BD2F600424FEA /* Headers */ = {
			isa = PBXHeadersBuildPhase;
			buildActionMask = 2147483647;
			files = (
				BBF1F01A211BD2F600424FEA /* JSONKit.h in Headers */,
			);
			runOnlyForDeploymentPostprocessing = 0;
		};
		BBF1F031211BD3AA00424FEA /* Headers */ = {
			isa = PBXHeadersBuildPhase;
			buildActionMask = 2147483647;
			files = (
				BBF1F038211BD3AA00424FEA /* LayoutKit.h in Headers */,
			);
			runOnlyForDeploymentPostprocessing = 0;
		};
/* End PBXHeadersBuildPhase section */

/* Begin PBXNativeTarget section */
		BB8227F3211C50B400D5B2C0 /* NetworkKit */ = {
			isa = PBXNativeTarget;
			buildConfigurationList = BB822807211C50B400D5B2C0 /* Build configuration list for PBXNativeTarget "NetworkKit" */;
			buildPhases = (
				BB8227EF211C50B400D5B2C0 /* Sources */,
				BB8227F0211C50B400D5B2C0 /* Frameworks */,
				BB8227F1211C50B400D5B2C0 /* Headers */,
				BB8227F2211C50B400D5B2C0 /* Resources */,
			);
			buildRules = (
			);
			dependencies = (
			);
			name = NetworkKit;
			productName = NetworkKit;
			productReference = BB8227F4211C50B400D5B2C0 /* NetworkKit.framework */;
			productType = "com.apple.product-type.framework";
		};
		BBC73AD720A56DE400781F00 /* ApplicationKit */ = {
			isa = PBXNativeTarget;
			buildConfigurationList = BBC73AE020A56DE400781F00 /* Build configuration list for PBXNativeTarget "ApplicationKit" */;
			buildPhases = (
				BBC73AD320A56DE400781F00 /* Sources */,
				BBC73AD420A56DE400781F00 /* Frameworks */,
				BBC73AD520A56DE400781F00 /* Headers */,
				BBC73AD620A56DE400781F00 /* Resources */,
			);
			buildRules = (
			);
			dependencies = (
			);
			name = ApplicationKit;
			productName = ApplicationKit;
			productReference = BBC73AD820A56DE400781F00 /* ApplicationKit.framework */;
			productType = "com.apple.product-type.framework";
		};
		BBF1F015211BD2F600424FEA /* JSONKit */ = {
			isa = PBXNativeTarget;
			buildConfigurationList = BBF1F02C211BD2F600424FEA /* Build configuration list for PBXNativeTarget "JSONKit" */;
			buildPhases = (
				BBF1F011211BD2F600424FEA /* Sources */,
				BBF1F012211BD2F600424FEA /* Frameworks */,
				BBF1F013211BD2F600424FEA /* Headers */,
				BBF1F014211BD2F600424FEA /* Resources */,
			);
			buildRules = (
			);
			dependencies = (
			);
			name = JSONKit;
			productName = JSONKit;
			productReference = BBF1F016211BD2F600424FEA /* JSONKit.framework */;
			productType = "com.apple.product-type.framework";
		};
		BBF1F033211BD3AA00424FEA /* LayoutKit */ = {
			isa = PBXNativeTarget;
			buildConfigurationList = BBF1F039211BD3AA00424FEA /* Build configuration list for PBXNativeTarget "LayoutKit" */;
			buildPhases = (
				BBF1F02F211BD3AA00424FEA /* Sources */,
				BBF1F030211BD3AA00424FEA /* Frameworks */,
				BBF1F031211BD3AA00424FEA /* Headers */,
				BBF1F032211BD3AA00424FEA /* Resources */,
			);
			buildRules = (
			);
			dependencies = (
			);
			name = LayoutKit;
			productName = LayoutKit;
			productReference = BBF1F034211BD3AA00424FEA /* LayoutKit.framework */;
			productType = "com.apple.product-type.framework";
		};
/* End PBXNativeTarget section */

/* Begin PBXProject section */
		BBC73ACF20A56DE400781F00 /* Project object */ = {
			isa = PBXProject;
			attributes = {
				LastUpgradeCheck = 0940;
				ORGANIZATIONNAME = "William Lee";
				TargetAttributes = {
					BB8227F3211C50B400D5B2C0 = {
						CreatedOnToolsVersion = 9.4.1;
					};
					BBC73AD720A56DE400781F00 = {
						CreatedOnToolsVersion = 9.3;
						LastSwiftMigration = 0930;
					};
					BBF1F015211BD2F600424FEA = {
						CreatedOnToolsVersion = 9.4.1;
						LastSwiftMigration = 0940;
					};
					BBF1F033211BD3AA00424FEA = {
						CreatedOnToolsVersion = 9.4.1;
						LastSwiftMigration = 0940;
					};
				};
			};
			buildConfigurationList = BBC73AD220A56DE400781F00 /* Build configuration list for PBXProject "ApplicationKit" */;
			compatibilityVersion = "Xcode 9.3";
			developmentRegion = en;
			hasScannedForEncodings = 0;
			knownRegions = (
				en,
				Base,
				"zh-Hans",
				"zh-Hant",
			);
			mainGroup = BBC73ACE20A56DE400781F00;
			productRefGroup = BBC73AD920A56DE400781F00 /* Products */;
			projectDirPath = "";
			projectReferences = (
				{
					ProductGroup = BBC6DD0B20F35AB800CF885F /* Products */;
					ProjectRef = BBC6DD0A20F35AB800CF885F /* ComponentKit.xcodeproj */;
				},
				{
					ProductGroup = BBC6DD3220F35AD600CF885F /* Products */;
					ProjectRef = BBC6DD3120F35AD600CF885F /* Kingfisher.xcodeproj */;
				},
				{
					ProductGroup = BBC6DD2920F35AD000CF885F /* Products */;
					ProjectRef = BBC6DD2820F35AD000CF885F /* OpenKit.xcodeproj */;
				},
				{
					ProductGroup = BBAB8A662100D56600B89C44 /* Products */;
					ProjectRef = BBAB8A652100D56600B89C44 /* TecentCloud.xcodeproj */;
				},
				{
					ProductGroup = BBC6DD1720F35AC300CF885F /* Products */;
					ProjectRef = BBC6DD1620F35AC300CF885F /* WMNetImageKit.xcodeproj */;
				},
			);
			projectRoot = "";
			targets = (
				BBC73AD720A56DE400781F00 /* ApplicationKit */,
				BBF1F015211BD2F600424FEA /* JSONKit */,
				BBF1F033211BD3AA00424FEA /* LayoutKit */,
				BB8227F3211C50B400D5B2C0 /* NetworkKit */,
			);
		};
/* End PBXProject section */

/* Begin PBXReferenceProxy section */
		BBAB8A742100D56600B89C44 /* TecentCloud.framework */ = {
			isa = PBXReferenceProxy;
			fileType = wrapper.framework;
			path = TecentCloud.framework;
			remoteRef = BBAB8A732100D56600B89C44 /* PBXContainerItemProxy */;
			sourceTree = BUILT_PRODUCTS_DIR;
		};
		BBC6DD0F20F35AB800CF885F /* ComponentKit.framework */ = {
			isa = PBXReferenceProxy;
			fileType = wrapper.framework;
			path = ComponentKit.framework;
			remoteRef = BBC6DD0E20F35AB800CF885F /* PBXContainerItemProxy */;
			sourceTree = BUILT_PRODUCTS_DIR;
		};
		BBC6DD1B20F35AC300CF885F /* WMNetImageKit.framework */ = {
			isa = PBXReferenceProxy;
			fileType = wrapper.framework;
			path = WMNetImageKit.framework;
			remoteRef = BBC6DD1A20F35AC300CF885F /* PBXContainerItemProxy */;
			sourceTree = BUILT_PRODUCTS_DIR;
		};
		BBC6DD2E20F35AD000CF885F /* OpenWithPayKit.framework */ = {
			isa = PBXReferenceProxy;
			fileType = wrapper.framework;
			path = OpenWithPayKit.framework;
			remoteRef = BBC6DD2D20F35AD000CF885F /* PBXContainerItemProxy */;
			sourceTree = BUILT_PRODUCTS_DIR;
		};
		BBC6DD3020F35AD000CF885F /* OpenWithoutPayKit.framework */ = {
			isa = PBXReferenceProxy;
			fileType = wrapper.framework;
			path = OpenWithoutPayKit.framework;
			remoteRef = BBC6DD2F20F35AD000CF885F /* PBXContainerItemProxy */;
			sourceTree = BUILT_PRODUCTS_DIR;
		};
		BBC6DD3C20F35AD600CF885F /* Kingfisher.framework */ = {
			isa = PBXReferenceProxy;
			fileType = wrapper.framework;
			path = Kingfisher.framework;
			remoteRef = BBC6DD3B20F35AD600CF885F /* PBXContainerItemProxy */;
			sourceTree = BUILT_PRODUCTS_DIR;
		};
		BBC6DD3E20F35AD600CF885F /* Kingfisher.framework */ = {
			isa = PBXReferenceProxy;
			fileType = wrapper.framework;
			path = Kingfisher.framework;
			remoteRef = BBC6DD3D20F35AD600CF885F /* PBXContainerItemProxy */;
			sourceTree = BUILT_PRODUCTS_DIR;
		};
		BBC6DD4020F35AD600CF885F /* Kingfisher.framework */ = {
			isa = PBXReferenceProxy;
			fileType = wrapper.framework;
			path = Kingfisher.framework;
			remoteRef = BBC6DD3F20F35AD600CF885F /* PBXContainerItemProxy */;
			sourceTree = BUILT_PRODUCTS_DIR;
		};
		BBC6DD4220F35AD600CF885F /* Kingfisher.framework */ = {
			isa = PBXReferenceProxy;
			fileType = wrapper.framework;
			path = Kingfisher.framework;
			remoteRef = BBC6DD4120F35AD600CF885F /* PBXContainerItemProxy */;
			sourceTree = BUILT_PRODUCTS_DIR;
		};
		BBC6DD4420F35AD600CF885F /* KingfisherTests.xctest */ = {
			isa = PBXReferenceProxy;
			fileType = wrapper.cfbundle;
			path = KingfisherTests.xctest;
			remoteRef = BBC6DD4320F35AD600CF885F /* PBXContainerItemProxy */;
			sourceTree = BUILT_PRODUCTS_DIR;
		};
		BBC6DD4620F35AD600CF885F /* KingfisherTests-tvOS.xctest */ = {
			isa = PBXReferenceProxy;
			fileType = wrapper.cfbundle;
			path = "KingfisherTests-tvOS.xctest";
			remoteRef = BBC6DD4520F35AD600CF885F /* PBXContainerItemProxy */;
			sourceTree = BUILT_PRODUCTS_DIR;
		};
		BBC6DD4820F35AD600CF885F /* KingfisherTests-macOS.xctest */ = {
			isa = PBXReferenceProxy;
			fileType = wrapper.cfbundle;
			path = "KingfisherTests-macOS.xctest";
			remoteRef = BBC6DD4720F35AD600CF885F /* PBXContainerItemProxy */;
			sourceTree = BUILT_PRODUCTS_DIR;
		};
/* End PBXReferenceProxy section */

/* Begin PBXResourcesBuildPhase section */
		BB8227F2211C50B400D5B2C0 /* Resources */ = {
			isa = PBXResourcesBuildPhase;
			buildActionMask = 2147483647;
			files = (
			);
			runOnlyForDeploymentPostprocessing = 0;
		};
		BBC73AD620A56DE400781F00 /* Resources */ = {
			isa = PBXResourcesBuildPhase;
			buildActionMask = 2147483647;
			files = (
			);
			runOnlyForDeploymentPostprocessing = 0;
		};
		BBF1F014211BD2F600424FEA /* Resources */ = {
			isa = PBXResourcesBuildPhase;
			buildActionMask = 2147483647;
			files = (
			);
			runOnlyForDeploymentPostprocessing = 0;
		};
		BBF1F032211BD3AA00424FEA /* Resources */ = {
			isa = PBXResourcesBuildPhase;
			buildActionMask = 2147483647;
			files = (
			);
			runOnlyForDeploymentPostprocessing = 0;
		};
/* End PBXResourcesBuildPhase section */

/* Begin PBXSourcesBuildPhase section */
		BB8227EF211C50B400D5B2C0 /* Sources */ = {
			isa = PBXSourcesBuildPhase;
			buildActionMask = 2147483647;
			files = (
				BB82283B211C50D900D5B2C0 /* Reachability.swift in Sources */,
				BB82283A211C50D900D5B2C0 /* Network.swift in Sources */,
				BB822839211C50D900D5B2C0 /* Network+UploadTask.swift in Sources */,
				BB82282E211C50D900D5B2C0 /* NetworkStatus.swift in Sources */,
				BB82283C211C50D900D5B2C0 /* NetworkRequest.swift in Sources */,
				BB822837211C50D900D5B2C0 /* Network+DownloadTask.swift in Sources */,
				BB822833211C50D900D5B2C0 /* NetworkDelegate+URLSessionStreamDelegate.swift in Sources */,
				BB822831211C50D900D5B2C0 /* NetworkDelegate+URLSessionDelegate.swift in Sources */,
				BB82282F211C50D900D5B2C0 /* NetworkResult.swift in Sources */,
				BB822834211C50D900D5B2C0 /* NetworkDelegate+URLSessionTaskDelegate.swift in Sources */,
				BB822835211C50D900D5B2C0 /* NetworkDelegate.swift in Sources */,
				BB822830211C50D900D5B2C0 /* NetworkDelegate+URLSessionDataDelegate.swift in Sources */,
				BB822836211C50D900D5B2C0 /* Network+DataTask.swift in Sources */,
				BB822838211C50D900D5B2C0 /* Network+Task.swift in Sources */,
				BB822832211C50D900D5B2C0 /* NetworkDelegate+URLSessionDownloadDelegate.swift in Sources */,
			);
			runOnlyForDeploymentPostprocessing = 0;
		};
		BBC73AD320A56DE400781F00 /* Sources */ = {
			isa = PBXSourcesBuildPhase;
			buildActionMask = 2147483647;
			files = (
				BBC73BF220A5BC3000781F00 /* API.swift in Sources */,
				BBF221D620E4B218007A5FA2 /* App.swift in Sources */,
				BBD0B26820AC3550007FB9BA /* Debug.swift in Sources */,
				73494FD8211B419900EB41C4 /* ListDataModel.swift in Sources */,
				BBC73AE920A5B08900781F00 /* Listable.swift in Sources */,
			);
			runOnlyForDeploymentPostprocessing = 0;
		};
		BBF1F011211BD2F600424FEA /* Sources */ = {
			isa = PBXSourcesBuildPhase;
			buildActionMask = 2147483647;
			files = (
				BBF1F02E211BD30200424FEA /* JSON.swift in Sources */,
				BBF1F066211C076E00424FEA /* JSONIterator.swift in Sources */,
			);
			runOnlyForDeploymentPostprocessing = 0;
		};
		BBF1F02F211BD3AA00424FEA /* Sources */ = {
			isa = PBXSourcesBuildPhase;
			buildActionMask = 2147483647;
			files = (
				BBF1F049211BDA4600424FEA /* ConstraintRightCollector.swift in Sources */,
				BBF1F03D211BD42900424FEA /* ConstraintItem.swift in Sources */,
				BBF1F045211BD55F00424FEA /* Layout.swift in Sources */,
				BBF1F053211BF23300424FEA /* AttributeItem.swift in Sources */,
				BBF1F041211BD4D200424FEA /* ConstraintMaker.swift in Sources */,
				BBF1F047211BD9B700424FEA /* ConstraintLeftCollector.swift in Sources */,
			);
			runOnlyForDeploymentPostprocessing = 0;
		};
/* End PBXSourcesBuildPhase section */

/* Begin XCBuildConfiguration section */
		BB8227F9211C50B400D5B2C0 /* Debug */ = {
			isa = XCBuildConfiguration;
			buildSettings = {
				CODE_SIGN_IDENTITY = "";
				CODE_SIGN_STYLE = Automatic;
				DEFINES_MODULE = YES;
				DYLIB_COMPATIBILITY_VERSION = 1;
				DYLIB_CURRENT_VERSION = 1;
				DYLIB_INSTALL_NAME_BASE = "@rpath";
				INFOPLIST_FILE = NetworkKit/Info.plist;
				INSTALL_PATH = "$(LOCAL_LIBRARY_DIR)/Frameworks";
				IPHONEOS_DEPLOYMENT_TARGET = 8.0;
				LD_RUNPATH_SEARCH_PATHS = (
					"$(inherited)",
					"@executable_path/Frameworks",
					"@loader_path/Frameworks",
				);
				PRODUCT_BUNDLE_IDENTIFIER = org.william.NetworkKit;
				PRODUCT_NAME = "$(TARGET_NAME:c99extidentifier)";
				SKIP_INSTALL = YES;
				SWIFT_VERSION = 4.0;
				TARGETED_DEVICE_FAMILY = "1,2";
			};
			name = Debug;
		};
		BB8227FA211C50B400D5B2C0 /* Release */ = {
			isa = XCBuildConfiguration;
			buildSettings = {
				CODE_SIGN_IDENTITY = "";
				CODE_SIGN_STYLE = Automatic;
				DEFINES_MODULE = YES;
				DYLIB_COMPATIBILITY_VERSION = 1;
				DYLIB_CURRENT_VERSION = 1;
				DYLIB_INSTALL_NAME_BASE = "@rpath";
				INFOPLIST_FILE = NetworkKit/Info.plist;
				INSTALL_PATH = "$(LOCAL_LIBRARY_DIR)/Frameworks";
				IPHONEOS_DEPLOYMENT_TARGET = 8.0;
				LD_RUNPATH_SEARCH_PATHS = (
					"$(inherited)",
					"@executable_path/Frameworks",
					"@loader_path/Frameworks",
				);
				PRODUCT_BUNDLE_IDENTIFIER = org.william.NetworkKit;
				PRODUCT_NAME = "$(TARGET_NAME:c99extidentifier)";
				SKIP_INSTALL = YES;
				SWIFT_VERSION = 4.0;
				TARGETED_DEVICE_FAMILY = "1,2";
			};
			name = Release;
		};
		BBC73ADE20A56DE400781F00 /* Debug */ = {
			isa = XCBuildConfiguration;
			buildSettings = {
				ALWAYS_SEARCH_USER_PATHS = NO;
				CLANG_ANALYZER_LOCALIZABILITY_NONLOCALIZED = YES;
				CLANG_ANALYZER_NONNULL = YES;
				CLANG_ANALYZER_NUMBER_OBJECT_CONVERSION = YES_AGGRESSIVE;
				CLANG_CXX_LANGUAGE_STANDARD = "gnu++14";
				CLANG_CXX_LIBRARY = "libc++";
				CLANG_ENABLE_MODULES = YES;
				CLANG_ENABLE_OBJC_ARC = YES;
				CLANG_ENABLE_OBJC_WEAK = YES;
				CLANG_WARN_BLOCK_CAPTURE_AUTORELEASING = YES;
				CLANG_WARN_BOOL_CONVERSION = YES;
				CLANG_WARN_COMMA = YES;
				CLANG_WARN_CONSTANT_CONVERSION = YES;
				CLANG_WARN_DEPRECATED_OBJC_IMPLEMENTATIONS = YES;
				CLANG_WARN_DIRECT_OBJC_ISA_USAGE = YES_ERROR;
				CLANG_WARN_DOCUMENTATION_COMMENTS = YES;
				CLANG_WARN_EMPTY_BODY = YES;
				CLANG_WARN_ENUM_CONVERSION = YES;
				CLANG_WARN_INFINITE_RECURSION = YES;
				CLANG_WARN_INT_CONVERSION = YES;
				CLANG_WARN_NON_LITERAL_NULL_CONVERSION = YES;
				CLANG_WARN_OBJC_IMPLICIT_RETAIN_SELF = YES;
				CLANG_WARN_OBJC_LITERAL_CONVERSION = YES;
				CLANG_WARN_OBJC_ROOT_CLASS = YES_ERROR;
				CLANG_WARN_RANGE_LOOP_ANALYSIS = YES;
				CLANG_WARN_STRICT_PROTOTYPES = YES;
				CLANG_WARN_SUSPICIOUS_MOVE = YES;
				CLANG_WARN_UNGUARDED_AVAILABILITY = YES_AGGRESSIVE;
				CLANG_WARN_UNREACHABLE_CODE = YES;
				CLANG_WARN__DUPLICATE_METHOD_MATCH = YES;
				CODE_SIGN_IDENTITY = "iPhone Developer";
				COPY_PHASE_STRIP = NO;
				CURRENT_PROJECT_VERSION = 1;
				DEBUG_INFORMATION_FORMAT = dwarf;
				ENABLE_STRICT_OBJC_MSGSEND = YES;
				ENABLE_TESTABILITY = YES;
				GCC_C_LANGUAGE_STANDARD = gnu11;
				GCC_DYNAMIC_NO_PIC = NO;
				GCC_NO_COMMON_BLOCKS = YES;
				GCC_OPTIMIZATION_LEVEL = 0;
				GCC_PREPROCESSOR_DEFINITIONS = (
					"DEBUG=1",
					"$(inherited)",
				);
				GCC_WARN_64_TO_32_BIT_CONVERSION = YES;
				GCC_WARN_ABOUT_RETURN_TYPE = YES_ERROR;
				GCC_WARN_UNDECLARED_SELECTOR = YES;
				GCC_WARN_UNINITIALIZED_AUTOS = YES_AGGRESSIVE;
				GCC_WARN_UNUSED_FUNCTION = YES;
				GCC_WARN_UNUSED_VARIABLE = YES;
				IPHONEOS_DEPLOYMENT_TARGET = 11.3;
				MTL_ENABLE_DEBUG_INFO = YES;
				ONLY_ACTIVE_ARCH = YES;
				SDKROOT = iphoneos;
				SWIFT_ACTIVE_COMPILATION_CONDITIONS = DEBUG;
				SWIFT_OPTIMIZATION_LEVEL = "-Onone";
				VERSIONING_SYSTEM = "apple-generic";
				VERSION_INFO_PREFIX = "";
			};
			name = Debug;
		};
		BBC73ADF20A56DE400781F00 /* Release */ = {
			isa = XCBuildConfiguration;
			buildSettings = {
				ALWAYS_SEARCH_USER_PATHS = NO;
				CLANG_ANALYZER_LOCALIZABILITY_NONLOCALIZED = YES;
				CLANG_ANALYZER_NONNULL = YES;
				CLANG_ANALYZER_NUMBER_OBJECT_CONVERSION = YES_AGGRESSIVE;
				CLANG_CXX_LANGUAGE_STANDARD = "gnu++14";
				CLANG_CXX_LIBRARY = "libc++";
				CLANG_ENABLE_MODULES = YES;
				CLANG_ENABLE_OBJC_ARC = YES;
				CLANG_ENABLE_OBJC_WEAK = YES;
				CLANG_WARN_BLOCK_CAPTURE_AUTORELEASING = YES;
				CLANG_WARN_BOOL_CONVERSION = YES;
				CLANG_WARN_COMMA = YES;
				CLANG_WARN_CONSTANT_CONVERSION = YES;
				CLANG_WARN_DEPRECATED_OBJC_IMPLEMENTATIONS = YES;
				CLANG_WARN_DIRECT_OBJC_ISA_USAGE = YES_ERROR;
				CLANG_WARN_DOCUMENTATION_COMMENTS = YES;
				CLANG_WARN_EMPTY_BODY = YES;
				CLANG_WARN_ENUM_CONVERSION = YES;
				CLANG_WARN_INFINITE_RECURSION = YES;
				CLANG_WARN_INT_CONVERSION = YES;
				CLANG_WARN_NON_LITERAL_NULL_CONVERSION = YES;
				CLANG_WARN_OBJC_IMPLICIT_RETAIN_SELF = YES;
				CLANG_WARN_OBJC_LITERAL_CONVERSION = YES;
				CLANG_WARN_OBJC_ROOT_CLASS = YES_ERROR;
				CLANG_WARN_RANGE_LOOP_ANALYSIS = YES;
				CLANG_WARN_STRICT_PROTOTYPES = YES;
				CLANG_WARN_SUSPICIOUS_MOVE = YES;
				CLANG_WARN_UNGUARDED_AVAILABILITY = YES_AGGRESSIVE;
				CLANG_WARN_UNREACHABLE_CODE = YES;
				CLANG_WARN__DUPLICATE_METHOD_MATCH = YES;
				CODE_SIGN_IDENTITY = "iPhone Developer";
				COPY_PHASE_STRIP = NO;
				CURRENT_PROJECT_VERSION = 1;
				DEBUG_INFORMATION_FORMAT = "dwarf-with-dsym";
				ENABLE_NS_ASSERTIONS = NO;
				ENABLE_STRICT_OBJC_MSGSEND = YES;
				GCC_C_LANGUAGE_STANDARD = gnu11;
				GCC_NO_COMMON_BLOCKS = YES;
				GCC_WARN_64_TO_32_BIT_CONVERSION = YES;
				GCC_WARN_ABOUT_RETURN_TYPE = YES_ERROR;
				GCC_WARN_UNDECLARED_SELECTOR = YES;
				GCC_WARN_UNINITIALIZED_AUTOS = YES_AGGRESSIVE;
				GCC_WARN_UNUSED_FUNCTION = YES;
				GCC_WARN_UNUSED_VARIABLE = YES;
				IPHONEOS_DEPLOYMENT_TARGET = 11.3;
				MTL_ENABLE_DEBUG_INFO = NO;
				SDKROOT = iphoneos;
				SWIFT_COMPILATION_MODE = wholemodule;
				SWIFT_OPTIMIZATION_LEVEL = "-O";
				VALIDATE_PRODUCT = YES;
				VERSIONING_SYSTEM = "apple-generic";
				VERSION_INFO_PREFIX = "";
			};
			name = Release;
		};
		BBC73AE120A56DE400781F00 /* Debug */ = {
			isa = XCBuildConfiguration;
			buildSettings = {
				CLANG_ENABLE_MODULES = YES;
				CODE_SIGN_IDENTITY = "";
				CODE_SIGN_STYLE = Automatic;
				DEFINES_MODULE = YES;
				DYLIB_COMPATIBILITY_VERSION = 1;
				DYLIB_CURRENT_VERSION = 1;
				DYLIB_INSTALL_NAME_BASE = "@rpath";
				FRAMEWORK_SEARCH_PATHS = (
					"$(inherited)",
					"$(PROJECT_DIR)/Carthage/Build/iOS",
				);
				INFOPLIST_FILE = ApplicationKit/Info.plist;
				INSTALL_PATH = "$(LOCAL_LIBRARY_DIR)/Frameworks";
				IPHONEOS_DEPLOYMENT_TARGET = 8.0;
				LD_RUNPATH_SEARCH_PATHS = (
					"$(inherited)",
					"@executable_path/Frameworks",
					"@loader_path/Frameworks",
				);
				MACH_O_TYPE = mh_dylib;
				PRODUCT_BUNDLE_IDENTIFIER = org.william.ApplicationKit;
				PRODUCT_NAME = "$(TARGET_NAME:c99extidentifier)";
				SKIP_INSTALL = YES;
				SWIFT_OPTIMIZATION_LEVEL = "-Onone";
				SWIFT_VERSION = 4.0;
				TARGETED_DEVICE_FAMILY = "1,2";
			};
			name = Debug;
		};
		BBC73AE220A56DE400781F00 /* Release */ = {
			isa = XCBuildConfiguration;
			buildSettings = {
				CLANG_ENABLE_MODULES = YES;
				CODE_SIGN_IDENTITY = "";
				CODE_SIGN_STYLE = Automatic;
				DEFINES_MODULE = YES;
				DYLIB_COMPATIBILITY_VERSION = 1;
				DYLIB_CURRENT_VERSION = 1;
				DYLIB_INSTALL_NAME_BASE = "@rpath";
				FRAMEWORK_SEARCH_PATHS = (
					"$(inherited)",
					"$(PROJECT_DIR)/Carthage/Build/iOS",
				);
				INFOPLIST_FILE = ApplicationKit/Info.plist;
				INSTALL_PATH = "$(LOCAL_LIBRARY_DIR)/Frameworks";
				IPHONEOS_DEPLOYMENT_TARGET = 8.0;
				LD_RUNPATH_SEARCH_PATHS = (
					"$(inherited)",
					"@executable_path/Frameworks",
					"@loader_path/Frameworks",
				);
				MACH_O_TYPE = mh_dylib;
				PRODUCT_BUNDLE_IDENTIFIER = org.william.ApplicationKit;
				PRODUCT_NAME = "$(TARGET_NAME:c99extidentifier)";
				SKIP_INSTALL = YES;
				SWIFT_VERSION = 4.0;
				TARGETED_DEVICE_FAMILY = "1,2";
			};
			name = Release;
		};
		BBF1F01B211BD2F600424FEA /* Debug */ = {
			isa = XCBuildConfiguration;
			buildSettings = {
				CLANG_ENABLE_MODULES = YES;
				CODE_SIGN_IDENTITY = "";
				CODE_SIGN_STYLE = Automatic;
				DEFINES_MODULE = YES;
				DYLIB_COMPATIBILITY_VERSION = 1;
				DYLIB_CURRENT_VERSION = 1;
				DYLIB_INSTALL_NAME_BASE = "@rpath";
				INFOPLIST_FILE = JSONKit/Info.plist;
				INSTALL_PATH = "$(LOCAL_LIBRARY_DIR)/Frameworks";
				IPHONEOS_DEPLOYMENT_TARGET = 8.0;
				LD_RUNPATH_SEARCH_PATHS = (
					"$(inherited)",
					"@executable_path/Frameworks",
					"@loader_path/Frameworks",
				);
				PRODUCT_BUNDLE_IDENTIFIER = org.william.JSONKit;
				PRODUCT_NAME = "$(TARGET_NAME:c99extidentifier)";
				SKIP_INSTALL = YES;
				SWIFT_OPTIMIZATION_LEVEL = "-Onone";
				SWIFT_VERSION = 4.0;
				TARGETED_DEVICE_FAMILY = "1,2";
			};
			name = Debug;
		};
		BBF1F01C211BD2F600424FEA /* Release */ = {
			isa = XCBuildConfiguration;
			buildSettings = {
				CLANG_ENABLE_MODULES = YES;
				CODE_SIGN_IDENTITY = "";
				CODE_SIGN_STYLE = Automatic;
				DEFINES_MODULE = YES;
				DYLIB_COMPATIBILITY_VERSION = 1;
				DYLIB_CURRENT_VERSION = 1;
				DYLIB_INSTALL_NAME_BASE = "@rpath";
				INFOPLIST_FILE = JSONKit/Info.plist;
				INSTALL_PATH = "$(LOCAL_LIBRARY_DIR)/Frameworks";
				IPHONEOS_DEPLOYMENT_TARGET = 8.0;
				LD_RUNPATH_SEARCH_PATHS = (
					"$(inherited)",
					"@executable_path/Frameworks",
					"@loader_path/Frameworks",
				);
				PRODUCT_BUNDLE_IDENTIFIER = org.william.JSONKit;
				PRODUCT_NAME = "$(TARGET_NAME:c99extidentifier)";
				SKIP_INSTALL = YES;
				SWIFT_VERSION = 4.0;
				TARGETED_DEVICE_FAMILY = "1,2";
			};
			name = Release;
		};
		BBF1F03A211BD3AA00424FEA /* Debug */ = {
			isa = XCBuildConfiguration;
			buildSettings = {
				CLANG_ENABLE_MODULES = YES;
				CODE_SIGN_IDENTITY = "";
				CODE_SIGN_STYLE = Automatic;
				DEFINES_MODULE = YES;
				DYLIB_COMPATIBILITY_VERSION = 1;
				DYLIB_CURRENT_VERSION = 1;
				DYLIB_INSTALL_NAME_BASE = "@rpath";
				INFOPLIST_FILE = LayoutKit/Info.plist;
				INSTALL_PATH = "$(LOCAL_LIBRARY_DIR)/Frameworks";
				IPHONEOS_DEPLOYMENT_TARGET = 8.0;
				LD_RUNPATH_SEARCH_PATHS = (
					"$(inherited)",
					"@executable_path/Frameworks",
					"@loader_path/Frameworks",
				);
				PRODUCT_BUNDLE_IDENTIFIER = org.william.LayoutKit;
				PRODUCT_NAME = "$(TARGET_NAME:c99extidentifier)";
				SKIP_INSTALL = YES;
				SWIFT_OPTIMIZATION_LEVEL = "-Onone";
				SWIFT_VERSION = 4.0;
				TARGETED_DEVICE_FAMILY = "1,2";
			};
			name = Debug;
		};
		BBF1F03B211BD3AA00424FEA /* Release */ = {
			isa = XCBuildConfiguration;
			buildSettings = {
				CLANG_ENABLE_MODULES = YES;
				CODE_SIGN_IDENTITY = "";
				CODE_SIGN_STYLE = Automatic;
				DEFINES_MODULE = YES;
				DYLIB_COMPATIBILITY_VERSION = 1;
				DYLIB_CURRENT_VERSION = 1;
				DYLIB_INSTALL_NAME_BASE = "@rpath";
				INFOPLIST_FILE = LayoutKit/Info.plist;
				INSTALL_PATH = "$(LOCAL_LIBRARY_DIR)/Frameworks";
				IPHONEOS_DEPLOYMENT_TARGET = 8.0;
				LD_RUNPATH_SEARCH_PATHS = (
					"$(inherited)",
					"@executable_path/Frameworks",
					"@loader_path/Frameworks",
				);
				PRODUCT_BUNDLE_IDENTIFIER = org.william.LayoutKit;
				PRODUCT_NAME = "$(TARGET_NAME:c99extidentifier)";
				SKIP_INSTALL = YES;
				SWIFT_VERSION = 4.0;
				TARGETED_DEVICE_FAMILY = "1,2";
			};
			name = Release;
		};
/* End XCBuildConfiguration section */

/* Begin XCConfigurationList section */
		BB822807211C50B400D5B2C0 /* Build configuration list for PBXNativeTarget "NetworkKit" */ = {
			isa = XCConfigurationList;
			buildConfigurations = (
				BB8227F9211C50B400D5B2C0 /* Debug */,
				BB8227FA211C50B400D5B2C0 /* Release */,
			);
			defaultConfigurationIsVisible = 0;
			defaultConfigurationName = Release;
		};
		BBC73AD220A56DE400781F00 /* Build configuration list for PBXProject "ApplicationKit" */ = {
			isa = XCConfigurationList;
			buildConfigurations = (
				BBC73ADE20A56DE400781F00 /* Debug */,
				BBC73ADF20A56DE400781F00 /* Release */,
			);
			defaultConfigurationIsVisible = 0;
			defaultConfigurationName = Release;
		};
		BBC73AE020A56DE400781F00 /* Build configuration list for PBXNativeTarget "ApplicationKit" */ = {
			isa = XCConfigurationList;
			buildConfigurations = (
				BBC73AE120A56DE400781F00 /* Debug */,
				BBC73AE220A56DE400781F00 /* Release */,
			);
			defaultConfigurationIsVisible = 0;
			defaultConfigurationName = Release;
		};
		BBF1F02C211BD2F600424FEA /* Build configuration list for PBXNativeTarget "JSONKit" */ = {
			isa = XCConfigurationList;
			buildConfigurations = (
				BBF1F01B211BD2F600424FEA /* Debug */,
				BBF1F01C211BD2F600424FEA /* Release */,
			);
			defaultConfigurationIsVisible = 0;
			defaultConfigurationName = Release;
		};
		BBF1F039211BD3AA00424FEA /* Build configuration list for PBXNativeTarget "LayoutKit" */ = {
			isa = XCConfigurationList;
			buildConfigurations = (
				BBF1F03A211BD3AA00424FEA /* Debug */,
				BBF1F03B211BD3AA00424FEA /* Release */,
			);
			defaultConfigurationIsVisible = 0;
			defaultConfigurationName = Release;
		};
/* End XCConfigurationList section */
	};
	rootObject = BBC73ACF20A56DE400781F00 /* Project object */;
}
